
Microsoft Visual Studio Solution File, Format Version 12.00
# Visual Studio Version 17
VisualStudioVersion = 17.2.32526.322
MinimumVisualStudioVersion = 10.0.40219.1
Project("{FAE04EC0-301F-11D3-BF4B-00C04F79EFBC}") = "Zaliczenie_Programowanie_Obiektowe", "Zaliczenie_Programowanie_Obiektowe\Zaliczenie_Programowanie_Obiektowe.csproj", "{BAAA88B0-05FD-473A-A689-2F1D010B20DC}"
EndProject
Global
	GlobalSection(SolutionConfigurationPlatforms) = preSolution
		Debug|Any CPU = Debug|Any CPU
		Release|Any CPU = Release|Any CPU
	EndGlobalSection
	GlobalSection(ProjectConfigurationPlatforms) = postSolution
		{BAAA88B0-05FD-473A-A689-2F1D010B20DC}.Debug|Any CPU.ActiveCfg = Debug|Any CPU
		{BAAA88B0-05FD-473A-A689-2F1D010B20DC}.Debug|Any CPU.Build.0 = Debug|Any CPU
		{BAAA88B0-05FD-473A-A689-2F1D010B20DC}.Release|Any CPU.ActiveCfg = Release|Any CPU
		{BAAA88B0-05FD-473A-A689-2F1D010B20DC}.Release|Any CPU.Build.0 = Release|Any CPU
	EndGlobalSection
	GlobalSection(SolutionProperties) = preSolution
		HideSolutionNode = FALSE
	EndGlobalSection
	GlobalSection(ExtensibilityGlobals) = postSolution
		SolutionGuid = {4A7BD3B5-F86D-451C-848A-A42481D5DAFB}
	EndGlobalSection
EndGlobal
